PODS:
  - SocketRocket (0.1)
  - TouchJSON (1.0)
  - libPusher (1.3):
    - SocketRocket (from `git://github.com/square/SocketRocket', commit `ec6c145f4a')

DEPENDENCIES:
  - TouchJSON
  - libPusher (from `https://github.com/rubenfonseca/libPusher.git', commit `b6ee87d7dc9b5590353e391819ec18b91bec3d92')
